# This file was autogenerated by Stack.
# You should not edit this file by hand.
# For more information, please see the documentation at:
#   https://docs.haskellstack.org/en/stable/lock_files

packages:
- completed:
    hackage: http-conduit-2.3.8.1@sha256:c995c93b08f2d962fcf9edd45ccc36bd946195c497e4431cadae6844d20679f3,3196
    pantry-tree:
      sha256: 49c013a9aaf823128f8ec6528e7ff94fa3e2c7486c56d43da98055ae22801f7d
      size: 784
  original:
    hackage: http-conduit-2.3.8.1
- completed:
    hackage: bytestring-0.11.5.2@sha256:446ad0a558ee7efcb0aeebfe147bf3897c50241231a9131ff7d7d24f2c3c1f2f,7595
    pantry-tree:
      sha256: b51508ffad643fbb973d16af2bc58ad7a34d00c3926fa0e9a56058f0f989a066
      size: 4019
  original:
    hackage: bytestring-0.11.5.2
snapshots:
- completed:
    sha256: 9313df78f49519315342f4c51ffc5da12659d3735f8ac3c54a1fb98ff874474e
    size: 640036
    url: https://raw.githubusercontent.com/commercialhaskell/stackage-snapshots/master/lts/21/12.yaml
  original:
    url: https://raw.githubusercontent.com/commercialhaskell/stackage-snapshots/master/lts/21/12.yaml
